
Microsoft Visual Studio Solution File, Format Version 12.00
# Visual Studio Version 17
VisualStudioVersion = 17.13.35825.156
MinimumVisualStudioVersion = 10.0.40219.1
Project("{FAE04EC0-301F-11D3-BF4B-00C04F79EFBC}") = "SmartSale.API", "SmartSale.API\SmartSale.API.csproj", "{B40AEEA2-26C4-4D07-89BF-98E6A5B1731E}"
EndProject
Project("{FAE04EC0-301F-11D3-BF4B-00C04F79EFBC}") = "SmartSales.Domain", "SmartSales.Domain\SmartSales.Domain.csproj", "{ADB454D0-7DAA-4CBB-BA78-6880ADC9216A}"
EndProject
Project("{FAE04EC0-301F-11D3-BF4B-00C04F79EFBC}") = "SmartSales.Application", "SmartSales.Application\SmartSales.Application.csproj", "{4562EFF5-4A1B-42C9-9A07-D60F9577AED1}"
EndProject
Project("{FAE04EC0-301F-11D3-BF4B-00C04F79EFBC}") = "SmartSales.Infrastructure", "SmartSales.Infrastructure\SmartSales.Infrastructure.csproj", "{083C4CD6-EFC5-409E-BD6D-77EBE8C2CA77}"
EndProject
Project("{2150E333-8FDC-42A3-9474-1A3956D46DE8}") = "Solution Items", "Solution Items", "{8EC462FD-D22E-90A8-E5CE-7E832BA40C5D}"
	ProjectSection(SolutionItems) = preProject
		Requests\Auth\login.http = Requests\Auth\login.http
		Requests\Auth\register.http = Requests\Auth\register.http
	EndProjectSection
EndProject
Global
	GlobalSection(SolutionConfigurationPlatforms) = preSolution
		Debug|Any CPU = Debug|Any CPU
		Debug|x64 = Debug|x64
		Debug|x86 = Debug|x86
		Release|Any CPU = Release|Any CPU
		Release|x64 = Release|x64
		Release|x86 = Release|x86
	EndGlobalSection
	GlobalSection(ProjectConfigurationPlatforms) = postSolution
		{B40AEEA2-26C4-4D07-89BF-98E6A5B1731E}.Debug|Any CPU.ActiveCfg = Debug|Any CPU
		{B40AEEA2-26C4-4D07-89BF-98E6A5B1731E}.Debug|Any CPU.Build.0 = Debug|Any CPU
		{B40AEEA2-26C4-4D07-89BF-98E6A5B1731E}.Debug|x64.ActiveCfg = Debug|Any CPU
		{B40AEEA2-26C4-4D07-89BF-98E6A5B1731E}.Debug|x64.Build.0 = Debug|Any CPU
		{B40AEEA2-26C4-4D07-89BF-98E6A5B1731E}.Debug|x86.ActiveCfg = Debug|Any CPU
		{B40AEEA2-26C4-4D07-89BF-98E6A5B1731E}.Debug|x86.Build.0 = Debug|Any CPU
		{B40AEEA2-26C4-4D07-89BF-98E6A5B1731E}.Release|Any CPU.ActiveCfg = Release|Any CPU
		{B40AEEA2-26C4-4D07-89BF-98E6A5B1731E}.Release|Any CPU.Build.0 = Release|Any CPU
		{B40AEEA2-26C4-4D07-89BF-98E6A5B1731E}.Release|x64.ActiveCfg = Release|Any CPU
		{B40AEEA2-26C4-4D07-89BF-98E6A5B1731E}.Release|x64.Build.0 = Release|Any CPU
		{B40AEEA2-26C4-4D07-89BF-98E6A5B1731E}.Release|x86.ActiveCfg = Release|Any CPU
		{B40AEEA2-26C4-4D07-89BF-98E6A5B1731E}.Release|x86.Build.0 = Release|Any CPU
		{ADB454D0-7DAA-4CBB-BA78-6880ADC9216A}.Debug|Any CPU.ActiveCfg = Debug|Any CPU
		{ADB454D0-7DAA-4CBB-BA78-6880ADC9216A}.Debug|Any CPU.Build.0 = Debug|Any CPU
		{ADB454D0-7DAA-4CBB-BA78-6880ADC9216A}.Debug|x64.ActiveCfg = Debug|Any CPU
		{ADB454D0-7DAA-4CBB-BA78-6880ADC9216A}.Debug|x64.Build.0 = Debug|Any CPU
		{ADB454D0-7DAA-4CBB-BA78-6880ADC9216A}.Debug|x86.ActiveCfg = Debug|Any CPU
		{ADB454D0-7DAA-4CBB-BA78-6880ADC9216A}.Debug|x86.Build.0 = Debug|Any CPU
		{ADB454D0-7DAA-4CBB-BA78-6880ADC9216A}.Release|Any CPU.ActiveCfg = Release|Any CPU
		{ADB454D0-7DAA-4CBB-BA78-6880ADC9216A}.Release|Any CPU.Build.0 = Release|Any CPU
		{ADB454D0-7DAA-4CBB-BA78-6880ADC9216A}.Release|x64.ActiveCfg = Release|Any CPU
		{ADB454D0-7DAA-4CBB-BA78-6880ADC9216A}.Release|x64.Build.0 = Release|Any CPU
		{ADB454D0-7DAA-4CBB-BA78-6880ADC9216A}.Release|x86.ActiveCfg = Release|Any CPU
		{ADB454D0-7DAA-4CBB-BA78-6880ADC9216A}.Release|x86.Build.0 = Release|Any CPU
		{4562EFF5-4A1B-42C9-9A07-D60F9577AED1}.Debug|Any CPU.ActiveCfg = Debug|Any CPU
		{4562EFF5-4A1B-42C9-9A07-D60F9577AED1}.Debug|Any CPU.Build.0 = Debug|Any CPU
		{4562EFF5-4A1B-42C9-9A07-D60F9577AED1}.Debug|x64.ActiveCfg = Debug|Any CPU
		{4562EFF5-4A1B-42C9-9A07-D60F9577AED1}.Debug|x64.Build.0 = Debug|Any CPU
		{4562EFF5-4A1B-42C9-9A07-D60F9577AED1}.Debug|x86.ActiveCfg = Debug|Any CPU
		{4562EFF5-4A1B-42C9-9A07-D60F9577AED1}.Debug|x86.Build.0 = Debug|Any CPU
		{4562EFF5-4A1B-42C9-9A07-D60F9577AED1}.Release|Any CPU.ActiveCfg = Release|Any CPU
		{4562EFF5-4A1B-42C9-9A07-D60F9577AED1}.Release|Any CPU.Build.0 = Release|Any CPU
		{4562EFF5-4A1B-42C9-9A07-D60F9577AED1}.Release|x64.ActiveCfg = Release|Any CPU
		{4562EFF5-4A1B-42C9-9A07-D60F9577AED1}.Release|x64.Build.0 = Release|Any CPU
		{4562EFF5-4A1B-42C9-9A07-D60F9577AED1}.Release|x86.ActiveCfg = Release|Any CPU
		{4562EFF5-4A1B-42C9-9A07-D60F9577AED1}.Release|x86.Build.0 = Release|Any CPU
		{083C4CD6-EFC5-409E-BD6D-77EBE8C2CA77}.Debug|Any CPU.ActiveCfg = Debug|Any CPU
		{083C4CD6-EFC5-409E-BD6D-77EBE8C2CA77}.Debug|Any CPU.Build.0 = Debug|Any CPU
		{083C4CD6-EFC5-409E-BD6D-77EBE8C2CA77}.Debug|x64.ActiveCfg = Debug|Any CPU
		{083C4CD6-EFC5-409E-BD6D-77EBE8C2CA77}.Debug|x64.Build.0 = Debug|Any CPU
		{083C4CD6-EFC5-409E-BD6D-77EBE8C2CA77}.Debug|x86.ActiveCfg = Debug|Any CPU
		{083C4CD6-EFC5-409E-BD6D-77EBE8C2CA77}.Debug|x86.Build.0 = Debug|Any CPU
		{083C4CD6-EFC5-409E-BD6D-77EBE8C2CA77}.Release|Any CPU.ActiveCfg = Release|Any CPU
		{083C4CD6-EFC5-409E-BD6D-77EBE8C2CA77}.Release|Any CPU.Build.0 = Release|Any CPU
		{083C4CD6-EFC5-409E-BD6D-77EBE8C2CA77}.Release|x64.ActiveCfg = Release|Any CPU
		{083C4CD6-EFC5-409E-BD6D-77EBE8C2CA77}.Release|x64.Build.0 = Release|Any CPU
		{083C4CD6-EFC5-409E-BD6D-77EBE8C2CA77}.Release|x86.ActiveCfg = Release|Any CPU
		{083C4CD6-EFC5-409E-BD6D-77EBE8C2CA77}.Release|x86.Build.0 = Release|Any CPU
	EndGlobalSection
	GlobalSection(SolutionProperties) = preSolution
		HideSolutionNode = FALSE
	EndGlobalSection
	GlobalSection(ExtensibilityGlobals) = postSolution
		SolutionGuid = {C33F5C24-DC3A-40A2-B1E0-58F2C8C5D433}
	EndGlobalSection
EndGlobal
